
Microsoft Visual Studio Solution File, Format Version 12.00
# Visual Studio Version 17
VisualStudioVersion = 17.5.33516.290
MinimumVisualStudioVersion = 10.0.40219.1
Project("{FAE04EC0-301F-11D3-BF4B-00C04F79EFBC}") = "my_notepad", "my_notepad\my_notepad.csproj", "{1DDF90B8-2736-44DF-A452-F7AD6AACAF36}"
EndProject
Global
	GlobalSection(SolutionConfigurationPlatforms) = preSolution
		Debug|Any CPU = Debug|Any CPU
		Release|Any CPU = Release|Any CPU
	EndGlobalSection
	GlobalSection(ProjectConfigurationPlatforms) = postSolution
		{1DDF90B8-2736-44DF-A452-F7AD6AACAF36}.Debug|Any CPU.ActiveCfg = Debug|Any CPU
		{1DDF90B8-2736-44DF-A452-F7AD6AACAF36}.Debug|Any CPU.Build.0 = Debug|Any CPU
		{1DDF90B8-2736-44DF-A452-F7AD6AACAF36}.Release|Any CPU.ActiveCfg = Release|Any CPU
		{1DDF90B8-2736-44DF-A452-F7AD6AACAF36}.Release|Any CPU.Build.0 = Release|Any CPU
	EndGlobalSection
	GlobalSection(SolutionProperties) = preSolution
		HideSolutionNode = FALSE
	EndGlobalSection
	GlobalSection(ExtensibilityGlobals) = postSolution
		SolutionGuid = {BEA4A9D7-8375-4C6A-A5CD-A0367F9EB913}
	EndGlobalSection
EndGlobal
